
Microsoft Visual Studio Solution File, Format Version 12.00
# Visual Studio Version 17
VisualStudioVersion = 17.3.32922.545
MinimumVisualStudioVersion = 10.0.40219.1
Project("{FAE04EC0-301F-11D3-BF4B-00C04F79EFBC}") = "SchoolService", "SchoolService\SchoolService.csproj", "{30D1222D-887D-4535-8712-03ABF2368A87}"
EndProject
Project("{FAE04EC0-301F-11D3-BF4B-00C04F79EFBC}") = "School", "School\School.csproj", "{DA49E711-DF26-4188-BA65-D9B495584280}"
EndProject
Global
	GlobalSection(SolutionConfigurationPlatforms) = preSolution
		Debug|Any CPU = Debug|Any CPU
		Release|Any CPU = Release|Any CPU
	EndGlobalSection
	GlobalSection(ProjectConfigurationPlatforms) = postSolution
		{30D1222D-887D-4535-8712-03ABF2368A87}.Debug|Any CPU.ActiveCfg = Debug|Any CPU
		{30D1222D-887D-4535-8712-03ABF2368A87}.Debug|Any CPU.Build.0 = Debug|Any CPU
		{30D1222D-887D-4535-8712-03ABF2368A87}.Release|Any CPU.ActiveCfg = Release|Any CPU
		{30D1222D-887D-4535-8712-03ABF2368A87}.Release|Any CPU.Build.0 = Release|Any CPU
		{DA49E711-DF26-4188-BA65-D9B495584280}.Debug|Any CPU.ActiveCfg = Debug|Any CPU
		{DA49E711-DF26-4188-BA65-D9B495584280}.Debug|Any CPU.Build.0 = Debug|Any CPU
		{DA49E711-DF26-4188-BA65-D9B495584280}.Release|Any CPU.ActiveCfg = Release|Any CPU
		{DA49E711-DF26-4188-BA65-D9B495584280}.Release|Any CPU.Build.0 = Release|Any CPU
	EndGlobalSection
	GlobalSection(SolutionProperties) = preSolution
		HideSolutionNode = FALSE
	EndGlobalSection
	GlobalSection(ExtensibilityGlobals) = postSolution
		SolutionGuid = {54E5E5E8-182F-44BD-9BB2-9F14A0CDC342}
	EndGlobalSection
EndGlobal
